
Microsoft Visual Studio Solution File, Format Version 12.00
# Visual Studio Version 16
VisualStudioVersion = 16.0.30523.141
MinimumVisualStudioVersion = 10.0.40219.1
Project("{FAE04EC0-301F-11D3-BF4B-00C04F79EFBC}") = "B3_OP01_TipCalulator", "B3_OP01_TipCalulator\B3_OP01_TipCalulator.csproj", "{22E71C2C-0F27-44BD-997D-3B9F3A01EEE9}"
EndProject
Global
	GlobalSection(SolutionConfigurationPlatforms) = preSolution
		Debug|Any CPU = Debug|Any CPU
		Release|Any CPU = Release|Any CPU
	EndGlobalSection
	GlobalSection(ProjectConfigurationPlatforms) = postSolution
		{22E71C2C-0F27-44BD-997D-3B9F3A01EEE9}.Debug|Any CPU.ActiveCfg = Debug|Any CPU
		{22E71C2C-0F27-44BD-997D-3B9F3A01EEE9}.Debug|Any CPU.Build.0 = Debug|Any CPU
		{22E71C2C-0F27-44BD-997D-3B9F3A01EEE9}.Debug|Any CPU.Deploy.0 = Debug|Any CPU
		{22E71C2C-0F27-44BD-997D-3B9F3A01EEE9}.Release|Any CPU.ActiveCfg = Release|Any CPU
		{22E71C2C-0F27-44BD-997D-3B9F3A01EEE9}.Release|Any CPU.Build.0 = Release|Any CPU
		{22E71C2C-0F27-44BD-997D-3B9F3A01EEE9}.Release|Any CPU.Deploy.0 = Release|Any CPU
	EndGlobalSection
	GlobalSection(SolutionProperties) = preSolution
		HideSolutionNode = FALSE
	EndGlobalSection
	GlobalSection(ExtensibilityGlobals) = postSolution
		SolutionGuid = {C56081F9-081E-4CA1-AA44-DEAF49B5CD3A}
	EndGlobalSection
EndGlobal
